{
  "name": "exercicio02",
  "version": "1.0.0",
  "lockfileVersion": 1,
  "requires": true,
  "dependencies": {
    "@types/node": {
      "version": "14.0.3",
      "resolved": "https://registry.npmjs.org/@types/node/-/node-14.0.3.tgz",
      "integrity": "sha512-a8TR2N5VEJCL9HEJrAfwv3UI1bZq50HydowDDVV6pfnY7ZwG5Pjii+nSDhrDtGW3XKMoVKOgG8zS/Kv5j399uA=="
    }
  }
}
